
Microsoft Visual Studio Solution File, Format Version 12.00
# Visual Studio Version 16
VisualStudioVersion = 16.0.30503.244
MinimumVisualStudioVersion = 10.0.40219.1
Project("{FAE04EC0-301F-11D3-BF4B-00C04F79EFBC}") = "ExamAppAverkin", "ExamAppAverkin.csproj", "{C108066F-CA4C-49E7-B606-AE647B818ADB}"
EndProject
Project("{FAE04EC0-301F-11D3-BF4B-00C04F79EFBC}") = "EkzamTest", "..\EkzamTest\EkzamTest.csproj", "{26BF2C43-8962-4490-8C8F-26D1283EDEFA}"
EndProject
Global
	GlobalSection(SolutionConfigurationPlatforms) = preSolution
		Debug|Any CPU = Debug|Any CPU
		Release|Any CPU = Release|Any CPU
	EndGlobalSection
	GlobalSection(ProjectConfigurationPlatforms) = postSolution
		{C108066F-CA4C-49E7-B606-AE647B818ADB}.Debug|Any CPU.ActiveCfg = Debug|Any CPU
		{C108066F-CA4C-49E7-B606-AE647B818ADB}.Debug|Any CPU.Build.0 = Debug|Any CPU
		{C108066F-CA4C-49E7-B606-AE647B818ADB}.Release|Any CPU.ActiveCfg = Release|Any CPU
		{C108066F-CA4C-49E7-B606-AE647B818ADB}.Release|Any CPU.Build.0 = Release|Any CPU
		{26BF2C43-8962-4490-8C8F-26D1283EDEFA}.Debug|Any CPU.ActiveCfg = Debug|Any CPU
		{26BF2C43-8962-4490-8C8F-26D1283EDEFA}.Debug|Any CPU.Build.0 = Debug|Any CPU
		{26BF2C43-8962-4490-8C8F-26D1283EDEFA}.Release|Any CPU.ActiveCfg = Release|Any CPU
		{26BF2C43-8962-4490-8C8F-26D1283EDEFA}.Release|Any CPU.Build.0 = Release|Any CPU
	EndGlobalSection
	GlobalSection(SolutionProperties) = preSolution
		HideSolutionNode = FALSE
	EndGlobalSection
	GlobalSection(ExtensibilityGlobals) = postSolution
		SolutionGuid = {27F7F6DB-4D7D-4F90-8F7D-55A71562D742}
	EndGlobalSection
EndGlobal
